// !$*UTF8*$!
{
	archiveVersion = 1;
	classes = {
	};
	objectVersion = 46;
	objects = {

/* Begin PBXBuildFile section */
		040CA3E71DE2937200033AE3 /* main.m in Sources */ = {isa = PBXBuildFile; fileRef = 040CA3E61DE2937200033AE3 /* main.m */; };
		040CA3EA1DE2937200033AE3 /* AppDelegate.m in Sources */ = {isa = PBXBuildFile; fileRef = 040CA3E91DE2937200033AE3 /* AppDelegate.m */; };
		040CA3ED1DE2937200033AE3 /* ViewController.m in Sources */ = {isa = PBXBuildFile; fileRef = 040CA3EC1DE2937200033AE3 /* ViewController.m */; };
		040CA3F01DE2937200033AE3 /* Main.storyboard in Resources */ = {isa = PBXBuildFile; fileRef = 040CA3EE1DE2937200033AE3 /* Main.storyboard */; };
		040CA3F21DE2937200033AE3 /* Assets.xcassets in Resources */ = {isa = PBXBuildFile; fileRef = 040CA3F11DE2937200033AE3 /* Assets.xcassets */; };
		040CA3F51DE2937200033AE3 /* LaunchScreen.storyboard in Resources */ = {isa = PBXBuildFile; fileRef = 040CA3F31DE2937200033AE3 /* LaunchScreen.storyboard */; };
		040CA4001DE2937300033AE3 /* QRCodeDemoTests.m in Sources */ = {isa = PBXBuildFile; fileRef = 040CA3FF1DE2937300033AE3 /* QRCodeDemoTests.m */; };
		040CA40B1DE2937300033AE3 /* QRCodeDemoUITests.m in Sources */ = {isa = PBXBuildFile; fileRef = 040CA40A1DE2937300033AE3 /* QRCodeDemoUITests.m */; };
		047F9DE61DF7B8070053E07F /* HBQRCoder.m in Sources */ = {isa = PBXBuildFile; fileRef = 047F9DE31DF7B8070053E07F /* HBQRCoder.m */; };
		047F9DE71DF7B8070053E07F /* HBQRCodeView.m in Sources */ = {isa = PBXBuildFile; fileRef = 047F9DE51DF7B8070053E07F /* HBQRCodeView.m */; };
		047F9DEA1DF7BDB80053E07F /* HBScanViewController.m in Sources */ = {isa = PBXBuildFile; fileRef = 047F9DE91DF7BDB80053E07F /* HBScanViewController.m */; };
		047F9DFC1DF811ED0053E07F /* Resources.bundle in Resources */ = {isa = PBXBuildFile; fileRef = 047F9DFB1DF811ED0053E07F /* Resources.bundle */; };
		531A09781FD669780054BC57 /* NSLayoutConstraint+MASDebugAdditions.m in Sources */ = {isa = PBXBuildFile; fileRef = 531A095F1FD669780054BC57 /* NSLayoutConstraint+MASDebugAdditions.m */; };
		531A09791FD669780054BC57 /* ViewController+MASAdditions.m in Sources */ = {isa = PBXBuildFile; fileRef = 531A09681FD669780054BC57 /* ViewController+MASAdditions.m */; };
		531A097A1FD669780054BC57 /* MASCompositeConstraint.m in Sources */ = {isa = PBXBuildFile; fileRef = 531A096C1FD669780054BC57 /* MASCompositeConstraint.m */; };
		531A097B1FD669780054BC57 /* MASConstraintMaker.m in Sources */ = {isa = PBXBuildFile; fileRef = 531A096D1FD669780054BC57 /* MASConstraintMaker.m */; };
		531A097C1FD669780054BC57 /* MASLayoutConstraint.m in Sources */ = {isa = PBXBuildFile; fileRef = 531A096E1FD669780054BC57 /* MASLayoutConstraint.m */; };
		531A097D1FD669780054BC57 /* NSArray+MASAdditions.m in Sources */ = {isa = PBXBuildFile; fileRef = 531A096F1FD669780054BC57 /* NSArray+MASAdditions.m */; };
		531A097E1FD669780054BC57 /* View+MASAdditions.m in Sources */ = {isa = PBXBuildFile; fileRef = 531A09701FD669780054BC57 /* View+MASAdditions.m */; };
		531A097F1FD669780054BC57 /* MASConstraint.m in Sources */ = {isa = PBXBuildFile; fileRef = 531A09731FD669780054BC57 /* MASConstraint.m */; };
		531A09801FD669780054BC57 /* MASViewConstraint.m in Sources */ = {isa = PBXBuildFile; fileRef = 531A09751FD669780054BC57 /* MASViewConstraint.m */; };
		531A09811FD669780054BC57 /* MASViewAttribute.m in Sources */ = {isa = PBXBuildFile; fileRef = 531A09761FD669780054BC57 /* MASViewAttribute.m */; };
		531A09821FD669780054BC57 /* Info.plist in Resources */ = {isa = PBXBuildFile; fileRef = 531A09771FD669780054BC57 /* Info.plist */; };
		53B59D081FD4EB8200885BBA /* gis_rect_rb.png in Resources */ = {isa = PBXBuildFile; fileRef = 53B59D041FD4EB8200885BBA /* gis_rect_rb.png */; };
		53B59D091FD4EB8200885BBA /* gis_rect_lt.png in Resources */ = {isa = PBXBuildFile; fileRef = 53B59D051FD4EB8200885BBA /* gis_rect_lt.png */; };
		53B59D0A1FD4EB8200885BBA /* gis_rect_rt.png in Resources */ = {isa = PBXBuildFile; fileRef = 53B59D061FD4EB8200885BBA /* gis_rect_rt.png */; };
		53B59D0B1FD4EB8200885BBA /* gis_rect_lb.png in Resources */ = {isa = PBXBuildFile; fileRef = 53B59D071FD4EB8200885BBA /* gis_rect_lb.png */; };
/* End PBXBuildFile section */

/* Begin PBXContainerItemProxy section */
		040CA3FC1DE2937300033AE3 /* PBXContainerItemProxy */ = {
			isa = PBXContainerItemProxy;
			containerPortal = 040CA3DA1DE2937200033AE3 /* Project object */;
			proxyType = 1;
			remoteGlobalIDString = 040CA3E11DE2937200033AE3;
			remoteInfo = QRCodeDemo;
		};
		040CA4071DE2937300033AE3 /* PBXContainerItemProxy */ = {
			isa = PBXContainerItemProxy;
			containerPortal = 040CA3DA1DE2937200033AE3 /* Project object */;
			proxyType = 1;
			remoteGlobalIDString = 040CA3E11DE2937200033AE3;
			remoteInfo = QRCodeDemo;
		};
/* End PBXContainerItemProxy section */

/* Begin PBXFileReference section */
		040CA3E21DE2937200033AE3 /* QRCodeDemo.app */ = {isa = PBXFileReference; explicitFileType = wrapper.application; includeInIndex = 0; path = QRCodeDemo.app; sourceTree = BUILT_PRODUCTS_DIR; };
		040CA3E61DE2937200033AE3 /* main.m */ = {isa = PBXFileReference; lastKnownFileType = sourcecode.c.objc; path = main.m; sourceTree = "<group>"; };
		040CA3E81DE2937200033AE3 /* AppDelegate.h */ = {isa = PBXFileReference; lastKnownFileType = sourcecode.c.h; path = AppDelegate.h; sourceTree = "<group>"; };
		040CA3E91DE2937200033AE3 /* AppDelegate.m */ = {isa = PBXFileReference; lastKnownFileType = sourcecode.c.objc; path = AppDelegate.m; sourceTree = "<group>"; };
		040CA3EB1DE2937200033AE3 /* ViewController.h */ = {isa = PBXFileReference; lastKnownFileType = sourcecode.c.h; path = ViewController.h; sourceTree = "<group>"; };
		040CA3EC1DE2937200033AE3 /* ViewController.m */ = {isa = PBXFileReference; lastKnownFileType = sourcecode.c.objc; path = ViewController.m; sourceTree = "<group>"; };
		040CA3EF1DE2937200033AE3 /* Base */ = {isa = PBXFileReference; lastKnownFileType = file.storyboard; name = Base; path = Base.lproj/Main.storyboard; sourceTree = "<group>"; };
		040CA3F11DE2937200033AE3 /* Assets.xcassets */ = {isa = PBXFileReference; lastKnownFileType = folder.assetcatalog; path = Assets.xcassets; sourceTree = "<group>"; };
		040CA3F41DE2937200033AE3 /* Base */ = {isa = PBXFileReference; lastKnownFileType = file.storyboard; name = Base; path = Base.lproj/LaunchScreen.storyboard; sourceTree = "<group>"; };
		040CA3F61DE2937200033AE3 /* Info.plist */ = {isa = PBXFileReference; lastKnownFileType = text.plist.xml; path = Info.plist; sourceTree = "<group>"; };
		040CA3FB1DE2937300033AE3 /* QRCodeDemoTests.xctest */ = {isa = PBXFileReference; explicitFileType = wrapper.cfbundle; includeInIndex = 0; path = QRCodeDemoTests.xctest; sourceTree = BUILT_PRODUCTS_DIR; };
		040CA3FF1DE2937300033AE3 /* QRCodeDemoTests.m */ = {isa = PBXFileReference; lastKnownFileType = sourcecode.c.objc; path = QRCodeDemoTests.m; sourceTree = "<group>"; };
		040CA4011DE2937300033AE3 /* Info.plist */ = {isa = PBXFileReference; lastKnownFileType = text.plist.xml; path = Info.plist; sourceTree = "<group>"; };
		040CA4061DE2937300033AE3 /* QRCodeDemoUITests.xctest */ = {isa = PBXFileReference; explicitFileType = wrapper.cfbundle; includeInIndex = 0; path = QRCodeDemoUITests.xctest; sourceTree = BUILT_PRODUCTS_DIR; };
		040CA40A1DE2937300033AE3 /* QRCodeDemoUITests.m */ = {isa = PBXFileReference; lastKnownFileType = sourcecode.c.objc; path = QRCodeDemoUITests.m; sourceTree = "<group>"; };
		040CA40C1DE2937300033AE3 /* Info.plist */ = {isa = PBXFileReference; lastKnownFileType = text.plist.xml; path = Info.plist; sourceTree = "<group>"; };
		047F9DE11DF7B8070053E07F /* HBQRCode.h */ = {isa = PBXFileReference; fileEncoding = 4; lastKnownFileType = sourcecode.c.h; path = HBQRCode.h; sourceTree = "<group>"; };
		047F9DE21DF7B8070053E07F /* HBQRCoder.h */ = {isa = PBXFileReference; fileEncoding = 4; lastKnownFileType = sourcecode.c.h; path = HBQRCoder.h; sourceTree = "<group>"; };
		047F9DE31DF7B8070053E07F /* HBQRCoder.m */ = {isa = PBXFileReference; fileEncoding = 4; lastKnownFileType = sourcecode.c.objc; path = HBQRCoder.m; sourceTree = "<group>"; };
		047F9DE41DF7B8070053E07F /* HBQRCodeView.h */ = {isa = PBXFileReference; fileEncoding = 4; lastKnownFileType = sourcecode.c.h; path = HBQRCodeView.h; sourceTree = "<group>"; };
		047F9DE51DF7B8070053E07F /* HBQRCodeView.m */ = {isa = PBXFileReference; fileEncoding = 4; lastKnownFileType = sourcecode.c.objc; path = HBQRCodeView.m; sourceTree = "<group>"; };
		047F9DE81DF7BDB80053E07F /* HBScanViewController.h */ = {isa = PBXFileReference; fileEncoding = 4; lastKnownFileType = sourcecode.c.h; path = HBScanViewController.h; sourceTree = "<group>"; };
		047F9DE91DF7BDB80053E07F /* HBScanViewController.m */ = {isa = PBXFileReference; fileEncoding = 4; lastKnownFileType = sourcecode.c.objc; path = HBScanViewController.m; sourceTree = "<group>"; };
		047F9DFB1DF811ED0053E07F /* Resources.bundle */ = {isa = PBXFileReference; lastKnownFileType = "wrapper.plug-in"; path = Resources.bundle; sourceTree = "<group>"; };
		531A095E1FD669780054BC57 /* MASCompositeConstraint.h */ = {isa = PBXFileReference; fileEncoding = 4; lastKnownFileType = sourcecode.c.h; path = MASCompositeConstraint.h; sourceTree = "<group>"; };
		531A095F1FD669780054BC57 /* NSLayoutConstraint+MASDebugAdditions.m */ = {isa = PBXFileReference; fileEncoding = 4; lastKnownFileType = sourcecode.c.objc; path = "NSLayoutConstraint+MASDebugAdditions.m"; sourceTree = "<group>"; };
		531A09601FD669780054BC57 /* MASConstraint+Private.h */ = {isa = PBXFileReference; fileEncoding = 4; lastKnownFileType = sourcecode.c.h; path = "MASConstraint+Private.h"; sourceTree = "<group>"; };
		531A09611FD669780054BC57 /* MASLayoutConstraint.h */ = {isa = PBXFileReference; fileEncoding = 4; lastKnownFileType = sourcecode.c.h; path = MASLayoutConstraint.h; sourceTree = "<group>"; };
		531A09621FD669780054BC57 /* NSArray+MASShorthandAdditions.h */ = {isa = PBXFileReference; fileEncoding = 4; lastKnownFileType = sourcecode.c.h; path = "NSArray+MASShorthandAdditions.h"; sourceTree = "<group>"; };
		531A09631FD669780054BC57 /* MASConstraintMaker.h */ = {isa = PBXFileReference; fileEncoding = 4; lastKnownFileType = sourcecode.c.h; path = MASConstraintMaker.h; sourceTree = "<group>"; };
		531A09641FD669780054BC57 /* View+MASAdditions.h */ = {isa = PBXFileReference; fileEncoding = 4; lastKnownFileType = sourcecode.c.h; path = "View+MASAdditions.h"; sourceTree = "<group>"; };
		531A09651FD669780054BC57 /* NSArray+MASAdditions.h */ = {isa = PBXFileReference; fileEncoding = 4; lastKnownFileType = sourcecode.c.h; path = "NSArray+MASAdditions.h"; sourceTree = "<group>"; };
		531A09661FD669780054BC57 /* MASUtilities.h */ = {isa = PBXFileReference; fileEncoding = 4; lastKnownFileType = sourcecode.c.h; path = MASUtilities.h; sourceTree = "<group>"; };
		531A09671FD669780054BC57 /* MASViewAttribute.h */ = {isa = PBXFileReference; fileEncoding = 4; lastKnownFileType = sourcecode.c.h; path = MASViewAttribute.h; sourceTree = "<group>"; };
		531A09681FD669780054BC57 /* ViewController+MASAdditions.m */ = {isa = PBXFileReference; fileEncoding = 4; lastKnownFileType = sourcecode.c.objc; path = "ViewController+MASAdditions.m"; sourceTree = "<group>"; };
		531A09691FD669780054BC57 /* MASViewConstraint.h */ = {isa = PBXFileReference; fileEncoding = 4; lastKnownFileType = sourcecode.c.h; path = MASViewConstraint.h; sourceTree = "<group>"; };
		531A096A1FD669780054BC57 /* MASConstraint.h */ = {isa = PBXFileReference; fileEncoding = 4; lastKnownFileType = sourcecode.c.h; path = MASConstraint.h; sourceTree = "<group>"; };
		531A096B1FD669780054BC57 /* NSLayoutConstraint+MASDebugAdditions.h */ = {isa = PBXFileReference; fileEncoding = 4; lastKnownFileType = sourcecode.c.h; path = "NSLayoutConstraint+MASDebugAdditions.h"; sourceTree = "<group>"; };
		531A096C1FD669780054BC57 /* MASCompositeConstraint.m */ = {isa = PBXFileReference; fileEncoding = 4; lastKnownFileType = sourcecode.c.objc; path = MASCompositeConstraint.m; sourceTree = "<group>"; };
		531A096D1FD669780054BC57 /* MASConstraintMaker.m */ = {isa = PBXFileReference; fileEncoding = 4; lastKnownFileType = sourcecode.c.objc; path = MASConstraintMaker.m; sourceTree = "<group>"; };
		531A096E1FD669780054BC57 /* MASLayoutConstraint.m */ = {isa = PBXFileReference; fileEncoding = 4; lastKnownFileType = sourcecode.c.objc; path = MASLayoutConstraint.m; sourceTree = "<group>"; };
		531A096F1FD669780054BC57 /* NSArray+MASAdditions.m */ = {isa = PBXFileReference; fileEncoding = 4; lastKnownFileType = sourcecode.c.objc; path = "NSArray+MASAdditions.m"; sourceTree = "<group>"; };
		531A09701FD669780054BC57 /* View+MASAdditions.m */ = {isa = PBXFileReference; fileEncoding = 4; lastKnownFileType = sourcecode.c.objc; path = "View+MASAdditions.m"; sourceTree = "<group>"; };
		531A09711FD669780054BC57 /* View+MASShorthandAdditions.h */ = {isa = PBXFileReference; fileEncoding = 4; lastKnownFileType = sourcecode.c.h; path = "View+MASShorthandAdditions.h"; sourceTree = "<group>"; };
		531A09721FD669780054BC57 /* Masonry.h */ = {isa = PBXFileReference; fileEncoding = 4; lastKnownFileType = sourcecode.c.h; path = Masonry.h; sourceTree = "<group>"; };
		531A09731FD669780054BC57 /* MASConstraint.m */ = {isa = PBXFileReference; fileEncoding = 4; lastKnownFileType = sourcecode.c.objc; path = MASConstraint.m; sourceTree = "<group>"; };
		531A09741FD669780054BC57 /* ViewController+MASAdditions.h */ = {isa = PBXFileReference; fileEncoding = 4; lastKnownFileType = sourcecode.c.h; path = "ViewController+MASAdditions.h"; sourceTree = "<group>"; };
		531A09751FD669780054BC57 /* MASViewConstraint.m */ = {isa = PBXFileReference; fileEncoding = 4; lastKnownFileType = sourcecode.c.objc; path = MASViewConstraint.m; sourceTree = "<group>"; };
		531A09761FD669780054BC57 /* MASViewAttribute.m */ = {isa = PBXFileReference; fileEncoding = 4; lastKnownFileType = sourcecode.c.objc; path = MASViewAttribute.m; sourceTree = "<group>"; };
		531A09771FD669780054BC57 /* Info.plist */ = {isa = PBXFileReference; fileEncoding = 4; lastKnownFileType = text.plist.xml; path = Info.plist; sourceTree = "<group>"; };
		53B59D041FD4EB8200885BBA /* gis_rect_rb.png */ = {isa = PBXFileReference; lastKnownFileType = image.png; path = gis_rect_rb.png; sourceTree = "<group>"; };
		53B59D051FD4EB8200885BBA /* gis_rect_lt.png */ = {isa = PBXFileReference; lastKnownFileType = image.png; path = gis_rect_lt.png; sourceTree = "<group>"; };
		53B59D061FD4EB8200885BBA /* gis_rect_rt.png */ = {isa = PBXFileReference; lastKnownFileType = image.png; path = gis_rect_rt.png; sourceTree = "<group>"; };
		53B59D071FD4EB8200885BBA /* gis_rect_lb.png */ = {isa = PBXFileReference; lastKnownFileType = image.png; path = gis_rect_lb.png; sourceTree = "<group>"; };
/* End PBXFileReference section */

/* Begin PBXFrameworksBuildPhase section */
		040CA3DF1DE2937200033AE3 /* Frameworks */ = {
			isa = PBXFrameworksBuildPhase;
			buildActionMask = 2147483647;
			files = (
			);
			runOnlyForDeploymentPostprocessing = 0;
		};
		040CA3F81DE2937300033AE3 /* Frameworks */ = {
			isa = PBXFrameworksBuildPhase;
			buildActionMask = 2147483647;
			files = (
			);
			runOnlyForDeploymentPostprocessing = 0;
		};
		040CA4031DE2937300033AE3 /* Frameworks */ = {
			isa = PBXFrameworksBuildPhase;
			buildActionMask = 2147483647;
			files = (
			);
			runOnlyForDeploymentPostprocessing = 0;
		};
/* End PBXFrameworksBuildPhase section */

/* Begin PBXGroup section */
		040CA3D91DE2937200033AE3 = {
			isa = PBXGroup;
			children = (
				040CA3E41DE2937200033AE3 /* QRCodeDemo */,
				040CA3FE1DE2937300033AE3 /* QRCodeDemoTests */,
				040CA4091DE2937300033AE3 /* QRCodeDemoUITests */,
				040CA3E31DE2937200033AE3 /* Products */,
			);
			sourceTree = "<group>";
		};
		040CA3E31DE2937200033AE3 /* Products */ = {
			isa = PBXGroup;
			children = (
				040CA3E21DE2937200033AE3 /* QRCodeDemo.app */,
				040CA3FB1DE2937300033AE3 /* QRCodeDemoTests.xctest */,
				040CA4061DE2937300033AE3 /* QRCodeDemoUITests.xctest */,
			);
			name = Products;
			sourceTree = "<group>";
		};
		040CA3E41DE2937200033AE3 /* QRCodeDemo */ = {
			isa = PBXGroup;
			children = (
				531A095D1FD669780054BC57 /* Masonry */,
				040CA3E81DE2937200033AE3 /* AppDelegate.h */,
				040CA3E91DE2937200033AE3 /* AppDelegate.m */,
				040CA3EB1DE2937200033AE3 /* ViewController.h */,
				040CA3EC1DE2937200033AE3 /* ViewController.m */,
				047F9DE81DF7BDB80053E07F /* HBScanViewController.h */,
				047F9DE91DF7BDB80053E07F /* HBScanViewController.m */,
				047F9DE01DF7B8070053E07F /* HBQRCode */,
				040CA3EE1DE2937200033AE3 /* Main.storyboard */,
				040CA3F11DE2937200033AE3 /* Assets.xcassets */,
				040CA3F31DE2937200033AE3 /* LaunchScreen.storyboard */,
				040CA3F61DE2937200033AE3 /* Info.plist */,
				040CA3E51DE2937200033AE3 /* Supporting Files */,
			);
			path = QRCodeDemo;
			sourceTree = "<group>";
		};
		040CA3E51DE2937200033AE3 /* Supporting Files */ = {
			isa = PBXGroup;
			children = (
				040CA3E61DE2937200033AE3 /* main.m */,
			);
			name = "Supporting Files";
			sourceTree = "<group>";
		};
		040CA3FE1DE2937300033AE3 /* QRCodeDemoTests */ = {
			isa = PBXGroup;
			children = (
				040CA3FF1DE2937300033AE3 /* QRCodeDemoTests.m */,
				040CA4011DE2937300033AE3 /* Info.plist */,
			);
			path = QRCodeDemoTests;
			sourceTree = "<group>";
		};
		040CA4091DE2937300033AE3 /* QRCodeDemoUITests */ = {
			isa = PBXGroup;
			children = (
				040CA40A1DE2937300033AE3 /* QRCodeDemoUITests.m */,
				040CA40C1DE2937300033AE3 /* Info.plist */,
			);
			path = QRCodeDemoUITests;
			sourceTree = "<group>";
		};
		047F9DE01DF7B8070053E07F /* HBQRCode */ = {
			isa = PBXGroup;
			children = (
				53B59D071FD4EB8200885BBA /* gis_rect_lb.png */,
				53B59D051FD4EB8200885BBA /* gis_rect_lt.png */,
				53B59D041FD4EB8200885BBA /* gis_rect_rb.png */,
				53B59D061FD4EB8200885BBA /* gis_rect_rt.png */,
				047F9DFB1DF811ED0053E07F /* Resources.bundle */,
				047F9DE11DF7B8070053E07F /* HBQRCode.h */,
				047F9DE21DF7B8070053E07F /* HBQRCoder.h */,
				047F9DE31DF7B8070053E07F /* HBQRCoder.m */,
				047F9DE41DF7B8070053E07F /* HBQRCodeView.h */,
				047F9DE51DF7B8070053E07F /* HBQRCodeView.m */,
			);
			path = HBQRCode;
			sourceTree = "<group>";
		};
		531A095D1FD669780054BC57 /* Masonry */ = {
			isa = PBXGroup;
			children = (
				531A095E1FD669780054BC57 /* MASCompositeConstraint.h */,
				531A095F1FD669780054BC57 /* NSLayoutConstraint+MASDebugAdditions.m */,
				531A09601FD669780054BC57 /* MASConstraint+Private.h */,
				531A09611FD669780054BC57 /* MASLayoutConstraint.h */,
				531A09621FD669780054BC57 /* NSArray+MASShorthandAdditions.h */,
				531A09631FD669780054BC57 /* MASConstraintMaker.h */,
				531A09641FD669780054BC57 /* View+MASAdditions.h */,
				531A09651FD669780054BC57 /* NSArray+MASAdditions.h */,
				531A09661FD669780054BC57 /* MASUtilities.h */,
				531A09671FD669780054BC57 /* MASViewAttribute.h */,
				531A09681FD669780054BC57 /* ViewController+MASAdditions.m */,
				531A09691FD669780054BC57 /* MASViewConstraint.h */,
				531A096A1FD669780054BC57 /* MASConstraint.h */,
				531A096B1FD669780054BC57 /* NSLayoutConstraint+MASDebugAdditions.h */,
				531A096C1FD669780054BC57 /* MASCompositeConstraint.m */,
				531A096D1FD669780054BC57 /* MASConstraintMaker.m */,
				531A096E1FD669780054BC57 /* MASLayoutConstraint.m */,
				531A096F1FD669780054BC57 /* NSArray+MASAdditions.m */,
				531A09701FD669780054BC57 /* View+MASAdditions.m */,
				531A09711FD669780054BC57 /* View+MASShorthandAdditions.h */,
				531A09721FD669780054BC57 /* Masonry.h */,
				531A09731FD669780054BC57 /* MASConstraint.m */,
				531A09741FD669780054BC57 /* ViewController+MASAdditions.h */,
				531A09751FD669780054BC57 /* MASViewConstraint.m */,
				531A09761FD669780054BC57 /* MASViewAttribute.m */,
				531A09771FD669780054BC57 /* Info.plist */,
			);
			path = Masonry;
			sourceTree = "<group>";
		};
/* End PBXGroup section */

/* Begin PBXNativeTarget section */
		040CA3E11DE2937200033AE3 /* QRCodeDemo */ = {
			isa = PBXNativeTarget;
			buildConfigurationList = 040CA40F1DE2937300033AE3 /* Build configuration list for PBXNativeTarget "QRCodeDemo" */;
			buildPhases = (
				040CA3DE1DE2937200033AE3 /* Sources */,
				040CA3DF1DE2937200033AE3 /* Frameworks */,
				040CA3E01DE2937200033AE3 /* Resources */,
			);
			buildRules = (
			);
			dependencies = (
			);
			name = QRCodeDemo;
			productName = QRCodeDemo;
			productReference = 040CA3E21DE2937200033AE3 /* QRCodeDemo.app */;
			productType = "com.apple.product-type.application";
		};
		040CA3FA1DE2937300033AE3 /* QRCodeDemoTests */ = {
			isa = PBXNativeTarget;
			buildConfigurationList = 040CA4121DE2937300033AE3 /* Build configuration list for PBXNativeTarget "QRCodeDemoTests" */;
			buildPhases = (
				040CA3F71DE2937300033AE3 /* Sources */,
				040CA3F81DE2937300033AE3 /* Frameworks */,
				040CA3F91DE2937300033AE3 /* Resources */,
			);
			buildRules = (
			);
			dependencies = (
				040CA3FD1DE2937300033AE3 /* PBXTargetDependency */,
			);
			name = QRCodeDemoTests;
			productName = QRCodeDemoTests;
			productReference = 040CA3FB1DE2937300033AE3 /* QRCodeDemoTests.xctest */;
			productType = "com.apple.product-type.bundle.unit-test";
		};
		040CA4051DE2937300033AE3 /* QRCodeDemoUITests */ = {
			isa = PBXNativeTarget;
			buildConfigurationList = 040CA4151DE2937300033AE3 /* Build configuration list for PBXNativeTarget "QRCodeDemoUITests" */;
			buildPhases = (
				040CA4021DE2937300033AE3 /* Sources */,
				040CA4031DE2937300033AE3 /* Frameworks */,
				040CA4041DE2937300033AE3 /* Resources */,
			);
			buildRules = (
			);
			dependencies = (
				040CA4081DE2937300033AE3 /* PBXTargetDependency */,
			);
			name = QRCodeDemoUITests;
			productName = QRCodeDemoUITests;
			productReference = 040CA4061DE2937300033AE3 /* QRCodeDemoUITests.xctest */;
			productType = "com.apple.product-type.bundle.ui-testing";
		};
/* End PBXNativeTarget section */

/* Begin PBXProject section */
		040CA3DA1DE2937200033AE3 /* Project object */ = {
			isa = PBXProject;
			attributes = {
				CLASSPREFIX = HB;
				LastUpgradeCheck = 0810;
				ORGANIZATIONNAME = TUTK;
				TargetAttributes = {
					040CA3E11DE2937200033AE3 = {
						CreatedOnToolsVersion = 8.1;
						DevelopmentTeam = B6FL3MEU36;
						ProvisioningStyle = Automatic;
					};
					040CA3FA1DE2937300033AE3 = {
						CreatedOnToolsVersion = 8.1;
						DevelopmentTeam = YTPNCWF278;
						ProvisioningStyle = Automatic;
						TestTargetID = 040CA3E11DE2937200033AE3;
					};
					040CA4051DE2937300033AE3 = {
						CreatedOnToolsVersion = 8.1;
						DevelopmentTeam = YTPNCWF278;
						ProvisioningStyle = Automatic;
						TestTargetID = 040CA3E11DE2937200033AE3;
					};
				};
			};
			buildConfigurationList = 040CA3DD1DE2937200033AE3 /* Build configuration list for PBXProject "QRCodeDemo" */;
			compatibilityVersion = "Xcode 3.2";
			developmentRegion = English;
			hasScannedForEncodings = 0;
			knownRegions = (
				en,
				Base,
			);
			mainGroup = 040CA3D91DE2937200033AE3;
			productRefGroup = 040CA3E31DE2937200033AE3 /* Products */;
			projectDirPath = "";
			projectRoot = "";
			targets = (
				040CA3E11DE2937200033AE3 /* QRCodeDemo */,
				040CA3FA1DE2937300033AE3 /* QRCodeDemoTests */,
				040CA4051DE2937300033AE3 /* QRCodeDemoUITests */,
			);
		};
/* End PBXProject section */

/* Begin PBXResourcesBuildPhase section */
		040CA3E01DE2937200033AE3 /* Resources */ = {
			isa = PBXResourcesBuildPhase;
			buildActionMask = 2147483647;
			files = (
				040CA3F51DE2937200033AE3 /* LaunchScreen.storyboard in Resources */,
				040CA3F21DE2937200033AE3 /* Assets.xcassets in Resources */,
				531A09821FD669780054BC57 /* Info.plist in Resources */,
				53B59D0A1FD4EB8200885BBA /* gis_rect_rt.png in Resources */,
				53B59D081FD4EB8200885BBA /* gis_rect_rb.png in Resources */,
				047F9DFC1DF811ED0053E07F /* Resources.bundle in Resources */,
				040CA3F01DE2937200033AE3 /* Main.storyboard in Resources */,
				53B59D091FD4EB8200885BBA /* gis_rect_lt.png in Resources */,
				53B59D0B1FD4EB8200885BBA /* gis_rect_lb.png in Resources */,
			);
			runOnlyForDeploymentPostprocessing = 0;
		};
		040CA3F91DE2937300033AE3 /* Resources */ = {
			isa = PBXResourcesBuildPhase;
			buildActionMask = 2147483647;
			files = (
			);
			runOnlyForDeploymentPostprocessing = 0;
		};
		040CA4041DE2937300033AE3 /* Resources */ = {
			isa = PBXResourcesBuildPhase;
			buildActionMask = 2147483647;
			files = (
			);
			runOnlyForDeploymentPostprocessing = 0;
		};
/* End PBXResourcesBuildPhase section */

/* Begin PBXSourcesBuildPhase section */
		040CA3DE1DE2937200033AE3 /* Sources */ = {
			isa = PBXSourcesBuildPhase;
			buildActionMask = 2147483647;
			files = (
				531A09801FD669780054BC57 /* MASViewConstraint.m in Sources */,
				040CA3ED1DE2937200033AE3 /* ViewController.m in Sources */,
				531A097B1FD669780054BC57 /* MASConstraintMaker.m in Sources */,
				040CA3EA1DE2937200033AE3 /* AppDelegate.m in Sources */,
				531A09791FD669780054BC57 /* ViewController+MASAdditions.m in Sources */,
				531A09781FD669780054BC57 /* NSLayoutConstraint+MASDebugAdditions.m in Sources */,
				531A097A1FD669780054BC57 /* MASCompositeConstraint.m in Sources */,
				047F9DE71DF7B8070053E07F /* HBQRCodeView.m in Sources */,
				531A097C1FD669780054BC57 /* MASLayoutConstraint.m in Sources */,
				531A097E1FD669780054BC57 /* View+MASAdditions.m in Sources */,
				531A097D1FD669780054BC57 /* NSArray+MASAdditions.m in Sources */,
				040CA3E71DE2937200033AE3 /* main.m in Sources */,
				047F9DE61DF7B8070053E07F /* HBQRCoder.m in Sources */,
				531A09811FD669780054BC57 /* MASViewAttribute.m in Sources */,
				531A097F1FD669780054BC57 /* MASConstraint.m in Sources */,
				047F9DEA1DF7BDB80053E07F /* HBScanViewController.m in Sources */,
			);
			runOnlyForDeploymentPostprocessing = 0;
		};
		040CA3F71DE2937300033AE3 /* Sources */ = {
			isa = PBXSourcesBuildPhase;
			buildActionMask = 2147483647;
			files = (
				040CA4001DE2937300033AE3 /* QRCodeDemoTests.m in Sources */,
			);
			runOnlyForDeploymentPostprocessing = 0;
		};
		040CA4021DE2937300033AE3 /* Sources */ = {
			isa = PBXSourcesBuildPhase;
			buildActionMask = 2147483647;
			files = (
				040CA40B1DE2937300033AE3 /* QRCodeDemoUITests.m in Sources */,
			);
			runOnlyForDeploymentPostprocessing = 0;
		};
/* End PBXSourcesBuildPhase section */

/* Begin PBXTargetDependency section */
		040CA3FD1DE2937300033AE3 /* PBXTargetDependency */ = {
			isa = PBXTargetDependency;
			target = 040CA3E11DE2937200033AE3 /* QRCodeDemo */;
			targetProxy = 040CA3FC1DE2937300033AE3 /* PBXContainerItemProxy */;
		};
		040CA4081DE2937300033AE3 /* PBXTargetDependency */ = {
			isa = PBXTargetDependency;
			target = 040CA3E11DE2937200033AE3 /* QRCodeDemo */;
			targetProxy = 040CA4071DE2937300033AE3 /* PBXContainerItemProxy */;
		};
/* End PBXTargetDependency section */

/* Begin PBXVariantGroup section */
		040CA3EE1DE2937200033AE3 /* Main.storyboard */ = {
			isa = PBXVariantGroup;
			children = (
				040CA3EF1DE2937200033AE3 /* Base */,
			);
			name = Main.storyboard;
			sourceTree = "<group>";
		};
		040CA3F31DE2937200033AE3 /* LaunchScreen.storyboard */ = {
			isa = PBXVariantGroup;
			children = (
				040CA3F41DE2937200033AE3 /* Base */,
			);
			name = LaunchScreen.storyboard;
			sourceTree = "<group>";
		};
/* End PBXVariantGroup section */

/* Begin XCBuildConfiguration section */
		040CA40D1DE2937300033AE3 /* Debug */ = {
			isa = XCBuildConfiguration;
			buildSettings = {
				ALWAYS_SEARCH_USER_PATHS = NO;
				CLANG_ANALYZER_NONNULL = YES;
				CLANG_CXX_LANGUAGE_STANDARD = "gnu++0x";
				CLANG_CXX_LIBRARY = "libc++";
				CLANG_ENABLE_MODULES = YES;
				CLANG_ENABLE_OBJC_ARC = YES;
				CLANG_WARN_BOOL_CONVERSION = YES;
				CLANG_WARN_CONSTANT_CONVERSION = YES;
				CLANG_WARN_DIRECT_OBJC_ISA_USAGE = YES_ERROR;
				CLANG_WARN_DOCUMENTATION_COMMENTS = YES;
				CLANG_WARN_EMPTY_BODY = YES;
				CLANG_WARN_ENUM_CONVERSION = YES;
				CLANG_WARN_INFINITE_RECURSION = YES;
				CLANG_WARN_INT_CONVERSION = YES;
				CLANG_WARN_OBJC_ROOT_CLASS = YES_ERROR;
				CLANG_WARN_SUSPICIOUS_MOVES = YES;
				CLANG_WARN_UNREACHABLE_CODE = YES;
				CLANG_WARN__DUPLICATE_METHOD_MATCH = YES;
				"CODE_SIGN_IDENTITY[sdk=iphoneos*]" = "iPhone Developer";
				COPY_PHASE_STRIP = NO;
				DEBUG_INFORMATION_FORMAT = dwarf;
				ENABLE_STRICT_OBJC_MSGSEND = YES;
				ENABLE_TESTABILITY = YES;
				GCC_C_LANGUAGE_STANDARD = gnu99;
				GCC_DYNAMIC_NO_PIC = NO;
				GCC_NO_COMMON_BLOCKS = YES;
				GCC_OPTIMIZATION_LEVEL = 0;
				GCC_PREPROCESSOR_DEFINITIONS = (
					"DEBUG=1",
					"$(inherited)",
				);
				GCC_WARN_64_TO_32_BIT_CONVERSION = YES;
				GCC_WARN_ABOUT_RETURN_TYPE = YES_ERROR;
				GCC_WARN_UNDECLARED_SELECTOR = YES;
				GCC_WARN_UNINITIALIZED_AUTOS = YES_AGGRESSIVE;
				GCC_WARN_UNUSED_FUNCTION = YES;
				GCC_WARN_UNUSED_VARIABLE = YES;
				IPHONEOS_DEPLOYMENT_TARGET = 10.1;
				MTL_ENABLE_DEBUG_INFO = YES;
				ONLY_ACTIVE_ARCH = YES;
				SDKROOT = iphoneos;
				TARGETED_DEVICE_FAMILY = "1,2";
			};
			name = Debug;
		};
		040CA40E1DE2937300033AE3 /* Release */ = {
			isa = XCBuildConfiguration;
			buildSettings = {
				ALWAYS_SEARCH_USER_PATHS = NO;
				CLANG_ANALYZER_NONNULL = YES;
				CLANG_CXX_LANGUAGE_STANDARD = "gnu++0x";
				CLANG_CXX_LIBRARY = "libc++";
				CLANG_ENABLE_MODULES = YES;
				CLANG_ENABLE_OBJC_ARC = YES;
				CLANG_WARN_BOOL_CONVERSION = YES;
				CLANG_WARN_CONSTANT_CONVERSION = YES;
				CLANG_WARN_DIRECT_OBJC_ISA_USAGE = YES_ERROR;
				CLANG_WARN_DOCUMENTATION_COMMENTS = YES;
				CLANG_WARN_EMPTY_BODY = YES;
				CLANG_WARN_ENUM_CONVERSION = YES;
				CLANG_WARN_INFINITE_RECURSION = YES;
				CLANG_WARN_INT_CONVERSION = YES;
				CLANG_WARN_OBJC_ROOT_CLASS = YES_ERROR;
				CLANG_WARN_SUSPICIOUS_MOVES = YES;
				CLANG_WARN_UNREACHABLE_CODE = YES;
				CLANG_WARN__DUPLICATE_METHOD_MATCH = YES;
				"CODE_SIGN_IDENTITY[sdk=iphoneos*]" = "iPhone Developer";
				COPY_PHASE_STRIP = NO;
				DEBUG_INFORMATION_FORMAT = "dwarf-with-dsym";
				ENABLE_NS_ASSERTIONS = NO;
				ENABLE_STRICT_OBJC_MSGSEND = YES;
				GCC_C_LANGUAGE_STANDARD = gnu99;
				GCC_NO_COMMON_BLOCKS = YES;
				GCC_WARN_64_TO_32_BIT_CONVERSION = YES;
				GCC_WARN_ABOUT_RETURN_TYPE = YES_ERROR;
				GCC_WARN_UNDECLARED_SELECTOR = YES;
				GCC_WARN_UNINITIALIZED_AUTOS = YES_AGGRESSIVE;
				GCC_WARN_UNUSED_FUNCTION = YES;
				GCC_WARN_UNUSED_VARIABLE = YES;
				IPHONEOS_DEPLOYMENT_TARGET = 10.1;
				MTL_ENABLE_DEBUG_INFO = NO;
				SDKROOT = iphoneos;
				TARGETED_DEVICE_FAMILY = "1,2";
				VALIDATE_PRODUCT = YES;
			};
			name = Release;
		};
		040CA4101DE2937300033AE3 /* Debug */ = {
			isa = XCBuildConfiguration;
			buildSettings = {
				ASSETCATALOG_COMPILER_APPICON_NAME = AppIcon;
				CODE_SIGN_IDENTITY = "iPhone Developer";
				"CODE_SIGN_IDENTITY[sdk=iphoneos*]" = "iPhone Developer";
				DEVELOPMENT_TEAM = B6FL3MEU36;
				INFOPLIST_FILE = QRCodeDemo/Info.plist;
				IPHONEOS_DEPLOYMENT_TARGET = 9.1;
				LD_RUNPATH_SEARCH_PATHS = "$(inherited) @executable_path/Frameworks";
				PRODUCT_BUNDLE_IDENTIFIER = TUTK.QRCodeDemo.xxx;
				PRODUCT_NAME = "$(TARGET_NAME)";
			};
			name = Debug;
		};
		040CA4111DE2937300033AE3 /* Release */ = {
			isa = XCBuildConfiguration;
			buildSettings = {
				ASSETCATALOG_COMPILER_APPICON_NAME = AppIcon;
				CODE_SIGN_IDENTITY = "iPhone Developer";
				"CODE_SIGN_IDENTITY[sdk=iphoneos*]" = "iPhone Developer";
				DEVELOPMENT_TEAM = B6FL3MEU36;
				INFOPLIST_FILE = QRCodeDemo/Info.plist;
				IPHONEOS_DEPLOYMENT_TARGET = 9.1;
				LD_RUNPATH_SEARCH_PATHS = "$(inherited) @executable_path/Frameworks";
				PRODUCT_BUNDLE_IDENTIFIER = TUTK.QRCodeDemo.xxx;
				PRODUCT_NAME = "$(TARGET_NAME)";
			};
			name = Release;
		};
		040CA4131DE2937300033AE3 /* Debug */ = {
			isa = XCBuildConfiguration;
			buildSettings = {
				BUNDLE_LOADER = "$(TEST_HOST)";
				DEVELOPMENT_TEAM = YTPNCWF278;
				INFOPLIST_FILE = QRCodeDemoTests/Info.plist;
				LD_RUNPATH_SEARCH_PATHS = "$(inherited) @executable_path/Frameworks @loader_path/Frameworks";
				PRODUCT_BUNDLE_IDENTIFIER = TUTK.QRCodeDemoTests;
				PRODUCT_NAME = "$(TARGET_NAME)";
				TEST_HOST = "$(BUILT_PRODUCTS_DIR)/QRCodeDemo.app/QRCodeDemo";
			};
			name = Debug;
		};
		040CA4141DE2937300033AE3 /* Release */ = {
			isa = XCBuildConfiguration;
			buildSettings = {
				BUNDLE_LOADER = "$(TEST_HOST)";
				DEVELOPMENT_TEAM = YTPNCWF278;
				INFOPLIST_FILE = QRCodeDemoTests/Info.plist;
				LD_RUNPATH_SEARCH_PATHS = "$(inherited) @executable_path/Frameworks @loader_path/Frameworks";
				PRODUCT_BUNDLE_IDENTIFIER = TUTK.QRCodeDemoTests;
				PRODUCT_NAME = "$(TARGET_NAME)";
				TEST_HOST = "$(BUILT_PRODUCTS_DIR)/QRCodeDemo.app/QRCodeDemo";
			};
			name = Release;
		};
		040CA4161DE2937300033AE3 /* Debug */ = {
			isa = XCBuildConfiguration;
			buildSettings = {
				DEVELOPMENT_TEAM = YTPNCWF278;
				INFOPLIST_FILE = QRCodeDemoUITests/Info.plist;
				LD_RUNPATH_SEARCH_PATHS = "$(inherited) @executable_path/Frameworks @loader_path/Frameworks";
				PRODUCT_BUNDLE_IDENTIFIER = TUTK.QRCodeDemoUITests;
				PRODUCT_NAME = "$(TARGET_NAME)";
				TEST_TARGET_NAME = QRCodeDemo;
			};
			name = Debug;
		};
		040CA4171DE2937300033AE3 /* Release */ = {
			isa = XCBuildConfiguration;
			buildSettings = {
				DEVELOPMENT_TEAM = YTPNCWF278;
				INFOPLIST_FILE = QRCodeDemoUITests/Info.plist;
				LD_RUNPATH_SEARCH_PATHS = "$(inherited) @executable_path/Frameworks @loader_path/Frameworks";
				PRODUCT_BUNDLE_IDENTIFIER = TUTK.QRCodeDemoUITests;
				PRODUCT_NAME = "$(TARGET_NAME)";
				TEST_TARGET_NAME = QRCodeDemo;
			};
			name = Release;
		};
/* End XCBuildConfiguration section */

/* Begin XCConfigurationList section */
		040CA3DD1DE2937200033AE3 /* Build configuration list for PBXProject "QRCodeDemo" */ = {
			isa = XCConfigurationList;
			buildConfigurations = (
				040CA40D1DE2937300033AE3 /* Debug */,
				040CA40E1DE2937300033AE3 /* Release */,
			);
			defaultConfigurationIsVisible = 0;
			defaultConfigurationName = Release;
		};
		040CA40F1DE2937300033AE3 /* Build configuration list for PBXNativeTarget "QRCodeDemo" */ = {
			isa = XCConfigurationList;
			buildConfigurations = (
				040CA4101DE2937300033AE3 /* Debug */,
				040CA4111DE2937300033AE3 /* Release */,
			);
			defaultConfigurationIsVisible = 0;
			defaultConfigurationName = Release;
		};
		040CA4121DE2937300033AE3 /* Build configuration list for PBXNativeTarget "QRCodeDemoTests" */ = {
			isa = XCConfigurationList;
			buildConfigurations = (
				040CA4131DE2937300033AE3 /* Debug */,
				040CA4141DE2937300033AE3 /* Release */,
			);
			defaultConfigurationIsVisible = 0;
			defaultConfigurationName = Release;
		};
		040CA4151DE2937300033AE3 /* Build configuration list for PBXNativeTarget "QRCodeDemoUITests" */ = {
			isa = XCConfigurationList;
			buildConfigurations = (
				040CA4161DE2937300033AE3 /* Debug */,
				040CA4171DE2937300033AE3 /* Release */,
			);
			defaultConfigurationIsVisible = 0;
			defaultConfigurationName = Release;
		};
/* End XCConfigurationList section */
	};
	rootObject = 040CA3DA1DE2937200033AE3 /* Project object */;
}
